
Microsoft Visual Studio Solution File, Format Version 12.00
# Visual Studio Version 16
VisualStudioVersion = 25.0.1706.6
MinimumVisualStudioVersion = 10.0.40219.1
Project("{FAE04EC0-301F-11D3-BF4B-00C04F79EFBC}") = "ProductAPI", "ProductAPI.csproj", "{DE375BF5-A624-4A93-91E0-4616E186DCF2}"
EndProject
Global
	GlobalSection(SolutionConfigurationPlatforms) = preSolution
		Debug|Any CPU = Debug|Any CPU
		Release|Any CPU = Release|Any CPU
	EndGlobalSection
	GlobalSection(ProjectConfigurationPlatforms) = postSolution
		{DE375BF5-A624-4A93-91E0-4616E186DCF2}.Debug|Any CPU.ActiveCfg = Debug|Any CPU
		{DE375BF5-A624-4A93-91E0-4616E186DCF2}.Debug|Any CPU.Build.0 = Debug|Any CPU
		{DE375BF5-A624-4A93-91E0-4616E186DCF2}.Release|Any CPU.ActiveCfg = Release|Any CPU
		{DE375BF5-A624-4A93-91E0-4616E186DCF2}.Release|Any CPU.Build.0 = Release|Any CPU
	EndGlobalSection
	GlobalSection(SolutionProperties) = preSolution
		HideSolutionNode = FALSE
	EndGlobalSection
	GlobalSection(ExtensibilityGlobals) = postSolution
		SolutionGuid = {BD730D01-5FD7-4B91-BD0F-9CDBA5C1CC05}
	EndGlobalSection
EndGlobal
